
Microsoft Visual Studio Solution File, Format Version 12.00
# Visual Studio Version 17
VisualStudioVersion = 17.6.33723.286
MinimumVisualStudioVersion = 10.0.40219.1
Project("{FAE04EC0-301F-11D3-BF4B-00C04F79EFBC}") = "NullBoxLicenseApp", "NullBoxLicenseApp\NullBoxLicenseApp.csproj", "{89029FC6-BBA6-4BD3-87E3-60A9BAE52157}"
EndProject
Global
	GlobalSection(SolutionConfigurationPlatforms) = preSolution
		Debug|Any CPU = Debug|Any CPU
		Release|Any CPU = Release|Any CPU
	EndGlobalSection
	GlobalSection(ProjectConfigurationPlatforms) = postSolution
		{89029FC6-BBA6-4BD3-87E3-60A9BAE52157}.Debug|Any CPU.ActiveCfg = Debug|Any CPU
		{89029FC6-BBA6-4BD3-87E3-60A9BAE52157}.Debug|Any CPU.Build.0 = Debug|Any CPU
		{89029FC6-BBA6-4BD3-87E3-60A9BAE52157}.Release|Any CPU.ActiveCfg = Release|Any CPU
		{89029FC6-BBA6-4BD3-87E3-60A9BAE52157}.Release|Any CPU.Build.0 = Release|Any CPU
	EndGlobalSection
	GlobalSection(SolutionProperties) = preSolution
		HideSolutionNode = FALSE
	EndGlobalSection
	GlobalSection(ExtensibilityGlobals) = postSolution
		SolutionGuid = {71E163B2-9F0B-4C4C-93F7-C22B7F527248}
	EndGlobalSection
EndGlobal
